// !$*UTF8*$!
{
	archiveVersion = 1;
	classes = {
	};
	objectVersion = 50;
	objects = {

/* Begin PBXBuildFile section */
		1624034C21E6E2330017A400 /* Canvas.swift in Sources */ = {isa = PBXBuildFile; fileRef = 1624034B21E6E2330017A400 /* Canvas.swift */; };
		1664717721E3F62E00B43463 /* AppDelegate.swift in Sources */ = {isa = PBXBuildFile; fileRef = 1664717621E3F62E00B43463 /* AppDelegate.swift */; };
		1664717921E3F62E00B43463 /* ViewController.swift in Sources */ = {isa = PBXBuildFile; fileRef = 1664717821E3F62E00B43463 /* ViewController.swift */; };
		1664717C21E3F62E00B43463 /* Main.storyboard in Resources */ = {isa = PBXBuildFile; fileRef = 1664717A21E3F62E00B43463 /* Main.storyboard */; };
		1664717E21E3F62F00B43463 /* Assets.xcassets in Resources */ = {isa = PBXBuildFile; fileRef = 1664717D21E3F62F00B43463 /* Assets.xcassets */; };
		1664718121E3F62F00B43463 /* LaunchScreen.storyboard in Resources */ = {isa = PBXBuildFile; fileRef = 1664717F21E3F62F00B43463 /* LaunchScreen.storyboard */; };
		3689EF3121E91C2A00E3385D /* Line.swift in Sources */ = {isa = PBXBuildFile; fileRef = 3689EF3021E91C2A00E3385D /* Line.swift */; };
/* End PBXBuildFile section */

/* Begin PBXFileReference section */
		1624034B21E6E2330017A400 /* Canvas.swift */ = {isa = PBXFileReference; lastKnownFileType = sourcecode.swift; path = Canvas.swift; sourceTree = "<group>"; };
		1664717321E3F62E00B43463 /* DrawSomething.app */ = {isa = PBXFileReference; explicitFileType = wrapper.application; includeInIndex = 0; path = DrawSomething.app; sourceTree = BUILT_PRODUCTS_DIR; };
		1664717621E3F62E00B43463 /* AppDelegate.swift */ = {isa = PBXFileReference; lastKnownFileType = sourcecode.swift; path = AppDelegate.swift; sourceTree = "<group>"; };
		1664717821E3F62E00B43463 /* ViewController.swift */ = {isa = PBXFileReference; lastKnownFileType = sourcecode.swift; path = ViewController.swift; sourceTree = "<group>"; };
		1664717B21E3F62E00B43463 /* Base */ = {isa = PBXFileReference; lastKnownFileType = file.storyboard; name = Base; path = Base.lproj/Main.storyboard; sourceTree = "<group>"; };
		1664717D21E3F62F00B43463 /* Assets.xcassets */ = {isa = PBXFileReference; lastKnownFileType = folder.assetcatalog; path = Assets.xcassets; sourceTree = "<group>"; };
		1664718021E3F62F00B43463 /* Base */ = {isa = PBXFileReference; lastKnownFileType = file.storyboard; name = Base; path = Base.lproj/LaunchScreen.storyboard; sourceTree = "<group>"; };
		1664718221E3F62F00B43463 /* Info.plist */ = {isa = PBXFileReference; lastKnownFileType = text.plist.xml; path = Info.plist; sourceTree = "<group>"; };
		3689EF3021E91C2A00E3385D /* Line.swift */ = {isa = PBXFileReference; lastKnownFileType = sourcecode.swift; path = Line.swift; sourceTree = "<group>"; };
/* End PBXFileReference section */

/* Begin PBXFrameworksBuildPhase section */
		1664717021E3F62E00B43463 /* Frameworks */ = {
			isa = PBXFrameworksBuildPhase;
			buildActionMask = 2147483647;
			files = (
			);
			runOnlyForDeploymentPostprocessing = 0;
		};
/* End PBXFrameworksBuildPhase section */

/* Begin PBXGroup section */
		1624034A21E6E20F0017A400 /* Views */ = {
			isa = PBXGroup;
			children = (
				1624034B21E6E2330017A400 /* Canvas.swift */,
			);
			path = Views;
			sourceTree = "<group>";
		};
		1624034D21E6E2F20017A400 /* Controllers */ = {
			isa = PBXGroup;
			children = (
				1664717821E3F62E00B43463 /* ViewController.swift */,
			);
			path = Controllers;
			sourceTree = "<group>";
		};
		1664716A21E3F62E00B43463 = {
			isa = PBXGroup;
			children = (
				1664717521E3F62E00B43463 /* DrawSomething */,
				1664717421E3F62E00B43463 /* Products */,
			);
			sourceTree = "<group>";
		};
		1664717421E3F62E00B43463 /* Products */ = {
			isa = PBXGroup;
			children = (
				1664717321E3F62E00B43463 /* DrawSomething.app */,
			);
			name = Products;
			sourceTree = "<group>";
		};
		1664717521E3F62E00B43463 /* DrawSomething */ = {
			isa = PBXGroup;
			children = (
				3689EF2F21E91BE300E3385D /* Models */,
				1624034D21E6E2F20017A400 /* Controllers */,
				1624034A21E6E20F0017A400 /* Views */,
				1664717621E3F62E00B43463 /* AppDelegate.swift */,
				1664717A21E3F62E00B43463 /* Main.storyboard */,
				1664717D21E3F62F00B43463 /* Assets.xcassets */,
				1664717F21E3F62F00B43463 /* LaunchScreen.storyboard */,
				1664718221E3F62F00B43463 /* Info.plist */,
			);
			path = DrawSomething;
			sourceTree = "<group>";
		};
		3689EF2F21E91BE300E3385D /* Models */ = {
			isa = PBXGroup;
			children = (
				3689EF3021E91C2A00E3385D /* Line.swift */,
			);
			path = Models;
			sourceTree = "<group>";
		};
/* End PBXGroup section */

/* Begin PBXNativeTarget section */
		1664717221E3F62E00B43463 /* DrawSomething */ = {
			isa = PBXNativeTarget;
			buildConfigurationList = 1664718521E3F62F00B43463 /* Build configuration list for PBXNativeTarget "DrawSomething" */;
			buildPhases = (
				1664716F21E3F62E00B43463 /* Sources */,
				1664717021E3F62E00B43463 /* Frameworks */,
				1664717121E3F62E00B43463 /* Resources */,
			);
			buildRules = (
			);
			dependencies = (
			);
			name = DrawSomething;
			productName = DrawSomething;
			productReference = 1664717321E3F62E00B43463 /* DrawSomething.app */;
			productType = "com.apple.product-type.application";
		};
/* End PBXNativeTarget section */

/* Begin PBXProject section */
		1664716B21E3F62E00B43463 /* Project object */ = {
			isa = PBXProject;
			attributes = {
				LastSwiftUpdateCheck = 1000;
				LastUpgradeCheck = 1000;
				ORGANIZATIONNAME = "DARRELL A PAYNE";
				TargetAttributes = {
					1664717221E3F62E00B43463 = {
						CreatedOnToolsVersion = 10.0;
					};
				};
			};
			buildConfigurationList = 1664716E21E3F62E00B43463 /* Build configuration list for PBXProject "DrawSomething" */;
			compatibilityVersion = "Xcode 9.3";
			developmentRegion = en;
			hasScannedForEncodings = 0;
			knownRegions = (
				en,
				Base,
			);
			mainGroup = 1664716A21E3F62E00B43463;
			productRefGroup = 1664717421E3F62E00B43463 /* Products */;
			projectDirPath = "";
			projectRoot = "";
			targets = (
				1664717221E3F62E00B43463 /* DrawSomething */,
			);
		};
/* End PBXProject section */

/* Begin PBXResourcesBuildPhase section */
		1664717121E3F62E00B43463 /* Resources */ = {
			isa = PBXResourcesBuildPhase;
			buildActionMask = 2147483647;
			files = (
				1664718121E3F62F00B43463 /* LaunchScreen.storyboard in Resources */,
				1664717E21E3F62F00B43463 /* Assets.xcassets in Resources */,
				1664717C21E3F62E00B43463 /* Main.storyboard in Resources */,
			);
			runOnlyForDeploymentPostprocessing = 0;
		};
/* End PBXResourcesBuildPhase section */

/* Begin PBXSourcesBuildPhase section */
		1664716F21E3F62E00B43463 /* Sources */ = {
			isa = PBXSourcesBuildPhase;
			buildActionMask = 2147483647;
			files = (
				1664717921E3F62E00B43463 /* ViewController.swift in Sources */,
				1664717721E3F62E00B43463 /* AppDelegate.swift in Sources */,
				1624034C21E6E2330017A400 /* Canvas.swift in Sources */,
				3689EF3121E91C2A00E3385D /* Line.swift in Sources */,
			);
			runOnlyForDeploymentPostprocessing = 0;
		};
/* End PBXSourcesBuildPhase section */

/* Begin PBXVariantGroup section */
		1664717A21E3F62E00B43463 /* Main.storyboard */ = {
			isa = PBXVariantGroup;
			children = (
				1664717B21E3F62E00B43463 /* Base */,
			);
			name = Main.storyboard;
			sourceTree = "<group>";
		};
		1664717F21E3F62F00B43463 /* LaunchScreen.storyboard */ = {
			isa = PBXVariantGroup;
			children = (
				1664718021E3F62F00B43463 /* Base */,
			);
			name = LaunchScreen.storyboard;
			sourceTree = "<group>";
		};
/* End PBXVariantGroup section */

/* Begin XCBuildConfiguration section */
		1664718321E3F62F00B43463 /* Debug */ = {
			isa = XCBuildConfiguration;
			buildSettings = {
				ALWAYS_SEARCH_USER_PATHS = NO;
				CLANG_ANALYZER_NONNULL = YES;
				CLANG_ANALYZER_NUMBER_OBJECT_CONVERSION = YES_AGGRESSIVE;
				CLANG_CXX_LANGUAGE_STANDARD = "gnu++14";
				CLANG_CXX_LIBRARY = "libc++";
				CLANG_ENABLE_MODULES = YES;
				CLANG_ENABLE_OBJC_ARC = YES;
				CLANG_ENABLE_OBJC_WEAK = YES;
				CLANG_WARN_BLOCK_CAPTURE_AUTORELEASING = YES;
				CLANG_WARN_BOOL_CONVERSION = YES;
				CLANG_WARN_COMMA = YES;
				CLANG_WARN_CONSTANT_CONVERSION = YES;
				CLANG_WARN_DEPRECATED_OBJC_IMPLEMENTATIONS = YES;
				CLANG_WARN_DIRECT_OBJC_ISA_USAGE = YES_ERROR;
				CLANG_WARN_DOCUMENTATION_COMMENTS = YES;
				CLANG_WARN_EMPTY_BODY = YES;
				CLANG_WARN_ENUM_CONVERSION = YES;
				CLANG_WARN_INFINITE_RECURSION = YES;
				CLANG_WARN_INT_CONVERSION = YES;
				CLANG_WARN_NON_LITERAL_NULL_CONVERSION = YES;
				CLANG_WARN_OBJC_IMPLICIT_RETAIN_SELF = YES;
				CLANG_WARN_OBJC_LITERAL_CONVERSION = YES;
				CLANG_WARN_OBJC_ROOT_CLASS = YES_ERROR;
				CLANG_WARN_RANGE_LOOP_ANALYSIS = YES;
				CLANG_WARN_STRICT_PROTOTYPES = YES;
				CLANG_WARN_SUSPICIOUS_MOVE = YES;
				CLANG_WARN_UNGUARDED_AVAILABILITY = YES_AGGRESSIVE;
				CLANG_WARN_UNREACHABLE_CODE = YES;
				CLANG_WARN__DUPLICATE_METHOD_MATCH = YES;
				CODE_SIGN_IDENTITY = "iPhone Developer";
				COPY_PHASE_STRIP = NO;
				DEBUG_INFORMATION_FORMAT = dwarf;
				ENABLE_STRICT_OBJC_MSGSEND = YES;
				ENABLE_TESTABILITY = YES;
				GCC_C_LANGUAGE_STANDARD = gnu11;
				GCC_DYNAMIC_NO_PIC = NO;
				GCC_NO_COMMON_BLOCKS = YES;
				GCC_OPTIMIZATION_LEVEL = 0;
				GCC_PREPROCESSOR_DEFINITIONS = (
					"DEBUG=1",
					"$(inherited)",
				);
				GCC_WARN_64_TO_32_BIT_CONVERSION = YES;
				GCC_WARN_ABOUT_RETURN_TYPE = YES_ERROR;
				GCC_WARN_UNDECLARED_SELECTOR = YES;
				GCC_WARN_UNINITIALIZED_AUTOS = YES_AGGRESSIVE;
				GCC_WARN_UNUSED_FUNCTION = YES;
				GCC_WARN_UNUSED_VARIABLE = YES;
				IPHONEOS_DEPLOYMENT_TARGET = 12.0;
				MTL_ENABLE_DEBUG_INFO = INCLUDE_SOURCE;
				MTL_FAST_MATH = YES;
				ONLY_ACTIVE_ARCH = YES;
				SDKROOT = iphoneos;
				SWIFT_ACTIVE_COMPILATION_CONDITIONS = DEBUG;
				SWIFT_OPTIMIZATION_LEVEL = "-Onone";
			};
			name = Debug;
		};
		1664718421E3F62F00B43463 /* Release */ = {
			isa = XCBuildConfiguration;
			buildSettings = {
				ALWAYS_SEARCH_USER_PATHS = NO;
				CLANG_ANALYZER_NONNULL = YES;
				CLANG_ANALYZER_NUMBER_OBJECT_CONVERSION = YES_AGGRESSIVE;
				CLANG_CXX_LANGUAGE_STANDARD = "gnu++14";
				CLANG_CXX_LIBRARY = "libc++";
				CLANG_ENABLE_MODULES = YES;
				CLANG_ENABLE_OBJC_ARC = YES;
				CLANG_ENABLE_OBJC_WEAK = YES;
				CLANG_WARN_BLOCK_CAPTURE_AUTORELEASING = YES;
				CLANG_WARN_BOOL_CONVERSION = YES;
				CLANG_WARN_COMMA = YES;
				CLANG_WARN_CONSTANT_CONVERSION = YES;
				CLANG_WARN_DEPRECATED_OBJC_IMPLEMENTATIONS = YES;
				CLANG_WARN_DIRECT_OBJC_ISA_USAGE = YES_ERROR;
				CLANG_WARN_DOCUMENTATION_COMMENTS = YES;
				CLANG_WARN_EMPTY_BODY = YES;
				CLANG_WARN_ENUM_CONVERSION = YES;
				CLANG_WARN_INFINITE_RECURSION = YES;
				CLANG_WARN_INT_CONVERSION = YES;
				CLANG_WARN_NON_LITERAL_NULL_CONVERSION = YES;
				CLANG_WARN_OBJC_IMPLICIT_RETAIN_SELF = YES;
				CLANG_WARN_OBJC_LITERAL_CONVERSION = YES;
				CLANG_WARN_OBJC_ROOT_CLASS = YES_ERROR;
				CLANG_WARN_RANGE_LOOP_ANALYSIS = YES;
				CLANG_WARN_STRICT_PROTOTYPES = YES;
				CLANG_WARN_SUSPICIOUS_MOVE = YES;
				CLANG_WARN_UNGUARDED_AVAILABILITY = YES_AGGRESSIVE;
				CLANG_WARN_UNREACHABLE_CODE = YES;
				CLANG_WARN__DUPLICATE_METHOD_MATCH = YES;
				CODE_SIGN_IDENTITY = "iPhone Developer";
				COPY_PHASE_STRIP = NO;
				DEBUG_INFORMATION_FORMAT = "dwarf-with-dsym";
				ENABLE_NS_ASSERTIONS = NO;
				ENABLE_STRICT_OBJC_MSGSEND = YES;
				GCC_C_LANGUAGE_STANDARD = gnu11;
				GCC_NO_COMMON_BLOCKS = YES;
				GCC_WARN_64_TO_32_BIT_CONVERSION = YES;
				GCC_WARN_ABOUT_RETURN_TYPE = YES_ERROR;
				GCC_WARN_UNDECLARED_SELECTOR = YES;
				GCC_WARN_UNINITIALIZED_AUTOS = YES_AGGRESSIVE;
				GCC_WARN_UNUSED_FUNCTION = YES;
				GCC_WARN_UNUSED_VARIABLE = YES;
				IPHONEOS_DEPLOYMENT_TARGET = 12.0;
				MTL_ENABLE_DEBUG_INFO = NO;
				MTL_FAST_MATH = YES;
				SDKROOT = iphoneos;
				SWIFT_COMPILATION_MODE = wholemodule;
				SWIFT_OPTIMIZATION_LEVEL = "-O";
				VALIDATE_PRODUCT = YES;
			};
			name = Release;
		};
		1664718621E3F62F00B43463 /* Debug */ = {
			isa = XCBuildConfiguration;
			buildSettings = {
				ASSETCATALOG_COMPILER_APPICON_NAME = AppIcon;
				CODE_SIGN_STYLE = Automatic;
				DEVELOPMENT_TEAM = YH2L94SFDJ;
				INFOPLIST_FILE = DrawSomething/Info.plist;
				LD_RUNPATH_SEARCH_PATHS = (
					"$(inherited)",
					"@executable_path/Frameworks",
				);
				PRODUCT_BUNDLE_IDENTIFIER = com.sanctuaryofdarkness.DrawSomething;
				PRODUCT_NAME = "$(TARGET_NAME)";
				SWIFT_VERSION = 4.2;
				TARGETED_DEVICE_FAMILY = "1,2";
			};
			name = Debug;
		};
		1664718721E3F62F00B43463 /* Release */ = {
			isa = XCBuildConfiguration;
			buildSettings = {
				ASSETCATALOG_COMPILER_APPICON_NAME = AppIcon;
				CODE_SIGN_STYLE = Automatic;
				DEVELOPMENT_TEAM = YH2L94SFDJ;
				INFOPLIST_FILE = DrawSomething/Info.plist;
				LD_RUNPATH_SEARCH_PATHS = (
					"$(inherited)",
					"@executable_path/Frameworks",
				);
				PRODUCT_BUNDLE_IDENTIFIER = com.sanctuaryofdarkness.DrawSomething;
				PRODUCT_NAME = "$(TARGET_NAME)";
				SWIFT_VERSION = 4.2;
				TARGETED_DEVICE_FAMILY = "1,2";
			};
			name = Release;
		};
/* End XCBuildConfiguration section */

/* Begin XCConfigurationList section */
		1664716E21E3F62E00B43463 /* Build configuration list for PBXProject "DrawSomething" */ = {
			isa = XCConfigurationList;
			buildConfigurations = (
				1664718321E3F62F00B43463 /* Debug */,
				1664718421E3F62F00B43463 /* Release */,
			);
			defaultConfigurationIsVisible = 0;
			defaultConfigurationName = Release;
		};
		1664718521E3F62F00B43463 /* Build configuration list for PBXNativeTarget "DrawSomething" */ = {
			isa = XCConfigurationList;
			buildConfigurations = (
				1664718621E3F62F00B43463 /* Debug */,
				1664718721E3F62F00B43463 /* Release */,
			);
			defaultConfigurationIsVisible = 0;
			defaultConfigurationName = Release;
		};
/* End XCConfigurationList section */
	};
	rootObject = 1664716B21E3F62E00B43463 /* Project object */;
}
